
Microsoft Visual Studio Solution File, Format Version 12.00
# Visual Studio Version 18
VisualStudioVersion = 18.0.11222.15 d18.0
MinimumVisualStudioVersion = 10.0.40219.1
Project("{FAE04EC0-301F-11D3-BF4B-00C04F79EFBC}") = "LV7", "LV7\LV7.csproj", "{0849E046-45CA-45FF-837D-E5CE50961DB0}"
EndProject
Global
	GlobalSection(SolutionConfigurationPlatforms) = preSolution
		Debug|Any CPU = Debug|Any CPU
		Release|Any CPU = Release|Any CPU
	EndGlobalSection
	GlobalSection(ProjectConfigurationPlatforms) = postSolution
		{0849E046-45CA-45FF-837D-E5CE50961DB0}.Debug|Any CPU.ActiveCfg = Debug|Any CPU
		{0849E046-45CA-45FF-837D-E5CE50961DB0}.Debug|Any CPU.Build.0 = Debug|Any CPU
		{0849E046-45CA-45FF-837D-E5CE50961DB0}.Release|Any CPU.ActiveCfg = Release|Any CPU
		{0849E046-45CA-45FF-837D-E5CE50961DB0}.Release|Any CPU.Build.0 = Release|Any CPU
	EndGlobalSection
	GlobalSection(SolutionProperties) = preSolution
		HideSolutionNode = FALSE
	EndGlobalSection
	GlobalSection(ExtensibilityGlobals) = postSolution
		SolutionGuid = {7B7934FC-D9C7-4930-A1D7-B7485235BEE3}
	EndGlobalSection
EndGlobal
